<?xml version="1.0" encoding="utf-8"?>
<Project ToolsVersion="4.0" xmlns="http://schemas.microsoft.com/developer/msbuild/2003">
  <ItemGroup>
    <Filter Include="Source Files">
      <UniqueIdentifier>{4FC737F1-C7A5-4376-A066-2A32D752A2FF}</UniqueIdentifier>
      <Extensions>cpp;c;cc;cxx;def;odl;idl;hpj;bat;asm;asmx</Extensions>
    </Filter>
    <Filter Include="Header Files">
      <UniqueIdentifier>{93995380-89BD-4b04-88EB-625FBE52EBFB}</UniqueIdentifier>
      <Extensions>h;hpp;hxx;hm;inl;inc;xsd</Extensions>
    </Filter>
    <Filter Include="Resource Files">
      <UniqueIdentifier>{67DA6AB6-F800-4c08-8B7A-83BB121AAD01}</UniqueIdentifier>
      <Extensions>rc;ico;cur;bmp;dlg;rc2;rct;bin;rgs;gif;jpg;jpeg;jpe;resx;tiff;tif;png;wav;mfcribbon-ms</Extensions>
    </Filter>
    <Filter Include="Header Files\Drawable">
      <UniqueIdentifier>{e0beca6e-640f-4d1a-923e-7dd736ac7b36}</UniqueIdentifier>
    </Filter>
    <Filter Include="Header Files\Scene">
      <UniqueIdentifier>{d6c52945-5455-4f2e-8a0b-441bdf0218c6}</UniqueIdentifier>
    </Filter>
    <Filter Include="Header Files\Mario">
      <UniqueIdentifier>{d103ee1c-9fac-44d4-9ea1-b6ede2ca93d6}</UniqueIdentifier>
    </Filter>
    <Filter Include="Header Files\Movable">
      <UniqueIdentifier>{4600e3a3-1fe2-4914-8773-b7c9da6e7a1a}</UniqueIdentifier>
    </Filter>
    <Filter Include="Header Files\OpenGL">
      <UniqueIdentifier>{4c97f4be-25c5-473b-bc4c-e6973b1148ea}</UniqueIdentifier>
    </Filter>
    <Filter Include="Source Files\Drawable">
      <UniqueIdentifier>{d4968eb6-dc47-4a0c-9dca-355539050d41}</UniqueIdentifier>
    </Filter>
    <Filter Include="Source Files\Mario">
      <UniqueIdentifier>{80c20997-889a-47ce-8c56-7e90b221a113}</UniqueIdentifier>
    </Filter>
    <Filter Include="Source Files\Movable">
      <UniqueIdentifier>{aeb72479-0400-4e75-b499-1c6a643da59c}</UniqueIdentifier>
    </Filter>
    <Filter Include="Source Files\OpenGL">
      <UniqueIdentifier>{985b79d1-d9aa-4f79-85a0-2649e10d93be}</UniqueIdentifier>
    </Filter>
    <Filter Include="Source Files\Scene">
      <UniqueIdentifier>{bd1b2a87-3631-40b7-96a6-7f043d9b9f22}</UniqueIdentifier>
    </Filter>
  </ItemGroup>
  <ItemGroup>
    <ClInclude Include="Base.h">
      <Filter>Header Files\Drawable</Filter>
    </ClInclude>
    <ClInclude Include="Drawable.h">
      <Filter>Header Files\Drawable</Filter>
    </ClInclude>
    <ClInclude Include="Flag.h">
      <Filter>Header Files\Drawable</Filter>
    </ClInclude>
    <ClInclude Include="Breakable.h">
      <Filter>Header Files\Drawable</Filter>
    </ClInclude>
    <ClInclude Include="Nonbreakable.h">
      <Filter>Header Files\Drawable</Filter>
    </ClInclude>
    <ClInclude Include="Scene.h">
      <Filter>Header Files\Scene</Filter>
    </ClInclude>
    <ClInclude Include="Level.h">
      <Filter>Header Files\Scene</Filter>
    </ClInclude>
    <ClInclude Include="Game.h">
      <Filter>Header Files\Scene</Filter>
    </ClInclude>
    <ClInclude Include="Mario.h">
      <Filter>Header Files\Mario</Filter>
    </ClInclude>
    <ClInclude Include="AllMovable.h">
      <Filter>Header Files\Movable</Filter>
    </ClInclude>
    <ClInclude Include="Movable.h">
      <Filter>Header Files\Movable</Filter>
    </ClInclude>
    <ClInclude Include="Fireball.h">
      <Filter>Header Files\Movable</Filter>
    </ClInclude>
    <ClInclude Include="Goomba.h">
      <Filter>Header Files\Movable</Filter>
    </ClInclude>
    <ClInclude Include="Mushroom.h">
      <Filter>Header Files\Movable</Filter>
    </ClInclude>
    <ClInclude Include="Plant.h">
      <Filter>Header Files\Movable</Filter>
    </ClInclude>
    <ClInclude Include="Shell.h">
      <Filter>Header Files\Movable</Filter>
    </ClInclude>
    <ClInclude Include="Star.h">
      <Filter>Header Files\Movable</Filter>
    </ClInclude>
    <ClInclude Include="Turtle.h">
      <Filter>Header Files\Movable</Filter>
    </ClInclude>
    <ClInclude Include="SceneWindow.h">
      <Filter>Header Files\OpenGL</Filter>
    </ClInclude>
    <ClInclude Include="Fireflower.h">
      <Filter>Header Files\Drawable</Filter>
    </ClInclude>
  </ItemGroup>
  <ItemGroup>
    <ClCompile Include="Base.cpp">
      <Filter>Source Files\Drawable</Filter>
    </ClCompile>
    <ClCompile Include="Breakable.cpp">
      <Filter>Source Files\Drawable</Filter>
    </ClCompile>
    <ClCompile Include="Drawable.cpp">
      <Filter>Source Files\Drawable</Filter>
    </ClCompile>
    <ClCompile Include="Flag.cpp">
      <Filter>Source Files\Drawable</Filter>
    </ClCompile>
    <ClCompile Include="Nonbreakable.cpp">
      <Filter>Source Files\Drawable</Filter>
    </ClCompile>
    <ClCompile Include="Mario.cpp">
      <Filter>Source Files\Mario</Filter>
    </ClCompile>
    <ClCompile Include="AllMovable.cpp">
      <Filter>Source Files\Movable</Filter>
    </ClCompile>
    <ClCompile Include="Fireball.cpp">
      <Filter>Source Files\Movable</Filter>
    </ClCompile>
    <ClCompile Include="Goomba.cpp">
      <Filter>Source Files\Movable</Filter>
    </ClCompile>
    <ClCompile Include="Movable.cpp">
      <Filter>Source Files\Movable</Filter>
    </ClCompile>
    <ClCompile Include="Mushroom.cpp">
      <Filter>Source Files\Movable</Filter>
    </ClCompile>
    <ClCompile Include="Plant.cpp">
      <Filter>Source Files\Movable</Filter>
    </ClCompile>
    <ClCompile Include="Shell.cpp">
      <Filter>Source Files\Movable</Filter>
    </ClCompile>
    <ClCompile Include="Star.cpp">
      <Filter>Source Files\Movable</Filter>
    </ClCompile>
    <ClCompile Include="Turtle.cpp">
      <Filter>Source Files\Movable</Filter>
    </ClCompile>
    <ClCompile Include="SceneWindow.cpp">
      <Filter>Source Files\OpenGL</Filter>
    </ClCompile>
    <ClCompile Include="main.cpp">
      <Filter>Source Files\OpenGL</Filter>
    </ClCompile>
    <ClCompile Include="Game.cpp">
      <Filter>Source Files\Scene</Filter>
    </ClCompile>
    <ClCompile Include="Level.cpp">
      <Filter>Source Files\Scene</Filter>
    </ClCompile>
    <ClCompile Include="Scene.cpp">
      <Filter>Source Files\Scene</Filter>
    </ClCompile>
    <ClCompile Include="Fireflower.cpp">
      <Filter>Source Files\Drawable</Filter>
    </ClCompile>
  </ItemGroup>
</Project>